
Microsoft Visual Studio Solution File, Format Version 12.00
# Visual Studio Version 17
VisualStudioVersion = 17.11.35303.130
MinimumVisualStudioVersion = 10.0.40219.1
Project("{FAE04EC0-301F-11D3-BF4B-00C04F79EFBC}") = "hemuppgift06", "hemuppgift06\hemuppgift06.csproj", "{896C1953-4B55-42C6-8B33-93A06F7C383D}"
EndProject
Global
	GlobalSection(SolutionConfigurationPlatforms) = preSolution
		Debug|Any CPU = Debug|Any CPU
		Release|Any CPU = Release|Any CPU
	EndGlobalSection
	GlobalSection(ProjectConfigurationPlatforms) = postSolution
		{896C1953-4B55-42C6-8B33-93A06F7C383D}.Debug|Any CPU.ActiveCfg = Debug|Any CPU
		{896C1953-4B55-42C6-8B33-93A06F7C383D}.Debug|Any CPU.Build.0 = Debug|Any CPU
		{896C1953-4B55-42C6-8B33-93A06F7C383D}.Release|Any CPU.ActiveCfg = Release|Any CPU
		{896C1953-4B55-42C6-8B33-93A06F7C383D}.Release|Any CPU.Build.0 = Release|Any CPU
	EndGlobalSection
	GlobalSection(SolutionProperties) = preSolution
		HideSolutionNode = FALSE
	EndGlobalSection
	GlobalSection(ExtensibilityGlobals) = postSolution
		SolutionGuid = {AFC28D0E-0092-4EC3-80E8-15C68A2C4210}
	EndGlobalSection
EndGlobal
